// !$*UTF8*$!
{
	archiveVersion = 1;
	classes = {
	};
	objectVersion = 48;
	objects = {

/* Begin PBXBuildFile section */
		7D00065720059C4E00795D4E /* ReportMaker.swift in Sources */ = {isa = PBXBuildFile; fileRef = 7D00065620059C4E00795D4E /* ReportMaker.swift */; };
		7D00065C20059CD500795D4E /* descriptionTable.html in Resources */ = {isa = PBXBuildFile; fileRef = 7D00065820059CD400795D4E /* descriptionTable.html */; };
		7D00065D20059CD500795D4E /* aRow.html in Resources */ = {isa = PBXBuildFile; fileRef = 7D00065920059CD400795D4E /* aRow.html */; };
		7D00065E20059CD500795D4E /* lastRow.html in Resources */ = {isa = PBXBuildFile; fileRef = 7D00065A20059CD400795D4E /* lastRow.html */; };
		7D00065F20059CD500795D4E /* base.html in Resources */ = {isa = PBXBuildFile; fileRef = 7D00065B20059CD400795D4E /* base.html */; };
		7D0006632005D8BD00795D4E /* PageRenderer.swift in Sources */ = {isa = PBXBuildFile; fileRef = 7D0006622005D8BD00795D4E /* PageRenderer.swift */; };
		7D52DB75207826B80037E086 /* InstructorHomeViewController.swift in Sources */ = {isa = PBXBuildFile; fileRef = 7D52DB74207826B80037E086 /* InstructorHomeViewController.swift */; };
		7D5E529E1FD5237100B60C98 /* AddEditLogViewController.swift in Sources */ = {isa = PBXBuildFile; fileRef = 7D5E529D1FD5237100B60C98 /* AddEditLogViewController.swift */; };
		7D623CCA20073919006ED913 /* PDFViewerViewController.swift in Sources */ = {isa = PBXBuildFile; fileRef = 7D623CC920073919006ED913 /* PDFViewerViewController.swift */; };
		7D6ED7FA20742DF100562A1F /* AddNewLogViewController.swift in Sources */ = {isa = PBXBuildFile; fileRef = 7D6ED7F920742DF100562A1F /* AddNewLogViewController.swift */; };
		7D6ED7FC2075A9C800562A1F /* EditLogViewController.swift in Sources */ = {isa = PBXBuildFile; fileRef = 7D6ED7FB2075A9C800562A1F /* EditLogViewController.swift */; };
		7DC11CEA1FD3272800B952EF /* AppDelegate.swift in Sources */ = {isa = PBXBuildFile; fileRef = 7DC11CE91FD3272800B952EF /* AppDelegate.swift */; };
		7DC11CEF1FD3272800B952EF /* Main.storyboard in Resources */ = {isa = PBXBuildFile; fileRef = 7DC11CED1FD3272800B952EF /* Main.storyboard */; };
		7DC11CF11FD3272800B952EF /* Assets.xcassets in Resources */ = {isa = PBXBuildFile; fileRef = 7DC11CF01FD3272800B952EF /* Assets.xcassets */; };
		7DC11CF41FD3272800B952EF /* LaunchScreen.storyboard in Resources */ = {isa = PBXBuildFile; fileRef = 7DC11CF21FD3272800B952EF /* LaunchScreen.storyboard */; };
		7DC11CFD1FD327BD00B952EF /* SessionLog.swift in Sources */ = {isa = PBXBuildFile; fileRef = 7DC11CFC1FD327BD00B952EF /* SessionLog.swift */; };
		7DC11CFF1FD333F400B952EF /* Student.swift in Sources */ = {isa = PBXBuildFile; fileRef = 7DC11CFE1FD333F400B952EF /* Student.swift */; };
		7DC11D021FD33B9400B952EF /* InstrcutorRecords.swift in Sources */ = {isa = PBXBuildFile; fileRef = 7DC11D011FD33B9400B952EF /* InstrcutorRecords.swift */; };
		7DC11D041FD3647F00B952EF /* Simulation&Keys.swift in Sources */ = {isa = PBXBuildFile; fileRef = 7DC11D031FD3647F00B952EF /* Simulation&Keys.swift */; };
		7DC11D071FD3722800B952EF /* RecordsViewController.swift in Sources */ = {isa = PBXBuildFile; fileRef = 7DC11D061FD3722800B952EF /* RecordsViewController.swift */; };
		7DC11D0A1FD3763F00B952EF /* LogCell.swift in Sources */ = {isa = PBXBuildFile; fileRef = 7DC11D091FD3763F00B952EF /* LogCell.swift */; };
		7DD803911FE5CBC300D03304 /* GoogleService-Info.plist in Resources */ = {isa = PBXBuildFile; fileRef = 7DD803901FE5CBC300D03304 /* GoogleService-Info.plist */; };
		7DD803931FE603B800D03304 /* DataService.swift in Sources */ = {isa = PBXBuildFile; fileRef = 7DD803921FE603B800D03304 /* DataService.swift */; };
		7DE9B9241FEC69A600E16232 /* Manager.swift in Sources */ = {isa = PBXBuildFile; fileRef = 7DE9B9231FEC69A600E16232 /* Manager.swift */; };
		7DECCFDB1FDE837200394345 /* StudentsManager.swift in Sources */ = {isa = PBXBuildFile; fileRef = 7DECCFDA1FDE837200394345 /* StudentsManager.swift */; };
		7DF4E9AA1FDA648600F6C4E1 /* AddEditAStudentViewController.swift in Sources */ = {isa = PBXBuildFile; fileRef = 7DF4E9A91FDA648600F6C4E1 /* AddEditAStudentViewController.swift */; };
		7DFF4AB91FD90D8600A707BE /* StudentsSelectionViewController.swift in Sources */ = {isa = PBXBuildFile; fileRef = 7DFF4AB81FD90D8600A707BE /* StudentsSelectionViewController.swift */; };
		DCDEBC59BAEC41311218D7B0 /* Pods_bePilates.framework in Frameworks */ = {isa = PBXBuildFile; fileRef = 0DC8E3DCE5014F9510642219 /* Pods_bePilates.framework */; };
/* End PBXBuildFile section */

/* Begin PBXFileReference section */
		0DC8E3DCE5014F9510642219 /* Pods_bePilates.framework */ = {isa = PBXFileReference; explicitFileType = wrapper.framework; includeInIndex = 0; path = Pods_bePilates.framework; sourceTree = BUILT_PRODUCTS_DIR; };
		70222AA75925D60507B82159 /* Pods-bePilates.debug.xcconfig */ = {isa = PBXFileReference; includeInIndex = 1; lastKnownFileType = text.xcconfig; name = "Pods-bePilates.debug.xcconfig"; path = "Pods/Target Support Files/Pods-bePilates/Pods-bePilates.debug.xcconfig"; sourceTree = "<group>"; };
		7D00065620059C4E00795D4E /* ReportMaker.swift */ = {isa = PBXFileReference; lastKnownFileType = sourcecode.swift; path = ReportMaker.swift; sourceTree = "<group>"; };
		7D00065820059CD400795D4E /* descriptionTable.html */ = {isa = PBXFileReference; fileEncoding = 4; lastKnownFileType = text.html; path = descriptionTable.html; sourceTree = "<group>"; };
		7D00065920059CD400795D4E /* aRow.html */ = {isa = PBXFileReference; fileEncoding = 4; lastKnownFileType = text.html; path = aRow.html; sourceTree = "<group>"; };
		7D00065A20059CD400795D4E /* lastRow.html */ = {isa = PBXFileReference; fileEncoding = 4; lastKnownFileType = text.html; path = lastRow.html; sourceTree = "<group>"; };
		7D00065B20059CD400795D4E /* base.html */ = {isa = PBXFileReference; fileEncoding = 4; lastKnownFileType = text.html; path = base.html; sourceTree = "<group>"; };
		7D0006622005D8BD00795D4E /* PageRenderer.swift */ = {isa = PBXFileReference; lastKnownFileType = sourcecode.swift; path = PageRenderer.swift; sourceTree = "<group>"; };
		7D52DB74207826B80037E086 /* InstructorHomeViewController.swift */ = {isa = PBXFileReference; lastKnownFileType = sourcecode.swift; path = InstructorHomeViewController.swift; sourceTree = "<group>"; };
		7D5E529D1FD5237100B60C98 /* AddEditLogViewController.swift */ = {isa = PBXFileReference; lastKnownFileType = sourcecode.swift; path = AddEditLogViewController.swift; sourceTree = "<group>"; };
		7D623CC920073919006ED913 /* PDFViewerViewController.swift */ = {isa = PBXFileReference; lastKnownFileType = sourcecode.swift; path = PDFViewerViewController.swift; sourceTree = "<group>"; };
		7D6ED7F920742DF100562A1F /* AddNewLogViewController.swift */ = {isa = PBXFileReference; lastKnownFileType = sourcecode.swift; path = AddNewLogViewController.swift; sourceTree = "<group>"; };
		7D6ED7FB2075A9C800562A1F /* EditLogViewController.swift */ = {isa = PBXFileReference; lastKnownFileType = sourcecode.swift; path = EditLogViewController.swift; sourceTree = "<group>"; };
		7DC11CE61FD3272800B952EF /* bePilates.app */ = {isa = PBXFileReference; explicitFileType = wrapper.application; includeInIndex = 0; path = bePilates.app; sourceTree = BUILT_PRODUCTS_DIR; };
		7DC11CE91FD3272800B952EF /* AppDelegate.swift */ = {isa = PBXFileReference; lastKnownFileType = sourcecode.swift; path = AppDelegate.swift; sourceTree = "<group>"; };
		7DC11CEE1FD3272800B952EF /* Base */ = {isa = PBXFileReference; lastKnownFileType = file.storyboard; name = Base; path = Base.lproj/Main.storyboard; sourceTree = "<group>"; };
		7DC11CF01FD3272800B952EF /* Assets.xcassets */ = {isa = PBXFileReference; lastKnownFileType = folder.assetcatalog; path = Assets.xcassets; sourceTree = "<group>"; };
		7DC11CF31FD3272800B952EF /* Base */ = {isa = PBXFileReference; lastKnownFileType = file.storyboard; name = Base; path = Base.lproj/LaunchScreen.storyboard; sourceTree = "<group>"; };
		7DC11CF51FD3272800B952EF /* Info.plist */ = {isa = PBXFileReference; lastKnownFileType = text.plist.xml; path = Info.plist; sourceTree = "<group>"; };
		7DC11CFC1FD327BD00B952EF /* SessionLog.swift */ = {isa = PBXFileReference; lastKnownFileType = sourcecode.swift; path = SessionLog.swift; sourceTree = "<group>"; };
		7DC11CFE1FD333F400B952EF /* Student.swift */ = {isa = PBXFileReference; lastKnownFileType = sourcecode.swift; path = Student.swift; sourceTree = "<group>"; };
		7DC11D011FD33B9400B952EF /* InstrcutorRecords.swift */ = {isa = PBXFileReference; lastKnownFileType = sourcecode.swift; path = InstrcutorRecords.swift; sourceTree = "<group>"; };
		7DC11D031FD3647F00B952EF /* Simulation&Keys.swift */ = {isa = PBXFileReference; lastKnownFileType = sourcecode.swift; path = "Simulation&Keys.swift"; sourceTree = "<group>"; };
		7DC11D061FD3722800B952EF /* RecordsViewController.swift */ = {isa = PBXFileReference; lastKnownFileType = sourcecode.swift; path = RecordsViewController.swift; sourceTree = "<group>"; };
		7DC11D091FD3763F00B952EF /* LogCell.swift */ = {isa = PBXFileReference; lastKnownFileType = sourcecode.swift; path = LogCell.swift; sourceTree = "<group>"; };
		7DD803901FE5CBC300D03304 /* GoogleService-Info.plist */ = {isa = PBXFileReference; fileEncoding = 4; lastKnownFileType = text.plist.xml; path = "GoogleService-Info.plist"; sourceTree = "<group>"; };
		7DD803921FE603B800D03304 /* DataService.swift */ = {isa = PBXFileReference; lastKnownFileType = sourcecode.swift; path = DataService.swift; sourceTree = "<group>"; };
		7DE9B9231FEC69A600E16232 /* Manager.swift */ = {isa = PBXFileReference; lastKnownFileType = sourcecode.swift; path = Manager.swift; sourceTree = "<group>"; };
		7DECCFDA1FDE837200394345 /* StudentsManager.swift */ = {isa = PBXFileReference; lastKnownFileType = sourcecode.swift; path = StudentsManager.swift; sourceTree = "<group>"; };
		7DF4E9A91FDA648600F6C4E1 /* AddEditAStudentViewController.swift */ = {isa = PBXFileReference; lastKnownFileType = sourcecode.swift; path = AddEditAStudentViewController.swift; sourceTree = "<group>"; };
		7DFF4AB81FD90D8600A707BE /* StudentsSelectionViewController.swift */ = {isa = PBXFileReference; lastKnownFileType = sourcecode.swift; path = StudentsSelectionViewController.swift; sourceTree = "<group>"; };
		B8BD18B8E3A63F14970790CF /* Pods-bePilates.release.xcconfig */ = {isa = PBXFileReference; includeInIndex = 1; lastKnownFileType = text.xcconfig; name = "Pods-bePilates.release.xcconfig"; path = "Pods/Target Support Files/Pods-bePilates/Pods-bePilates.release.xcconfig"; sourceTree = "<group>"; };
/* End PBXFileReference section */

/* Begin PBXFrameworksBuildPhase section */
		7DC11CE31FD3272800B952EF /* Frameworks */ = {
			isa = PBXFrameworksBuildPhase;
			buildActionMask = 2147483647;
			files = (
				DCDEBC59BAEC41311218D7B0 /* Pods_bePilates.framework in Frameworks */,
			);
			runOnlyForDeploymentPostprocessing = 0;
		};
/* End PBXFrameworksBuildPhase section */

/* Begin PBXGroup section */
		2C5242F5A4DBCADA4371F844 /* Pods */ = {
			isa = PBXGroup;
			children = (
				70222AA75925D60507B82159 /* Pods-bePilates.debug.xcconfig */,
				B8BD18B8E3A63F14970790CF /* Pods-bePilates.release.xcconfig */,
			);
			name = Pods;
			sourceTree = "<group>";
		};
		7D7106BD2008A2FA006BD31F /* PDFHelpers */ = {
			isa = PBXGroup;
			children = (
				7D00065620059C4E00795D4E /* ReportMaker.swift */,
				7D0006622005D8BD00795D4E /* PageRenderer.swift */,
				7D7106BE2008A31F006BD31F /* HTMLTemplates */,
			);
			path = PDFHelpers;
			sourceTree = "<group>";
		};
		7D7106BE2008A31F006BD31F /* HTMLTemplates */ = {
			isa = PBXGroup;
			children = (
				7D00065920059CD400795D4E /* aRow.html */,
				7D00065A20059CD400795D4E /* lastRow.html */,
				7D00065B20059CD400795D4E /* base.html */,
				7D00065820059CD400795D4E /* descriptionTable.html */,
			);
			path = HTMLTemplates;
			sourceTree = "<group>";
		};
		7DC11CDD1FD3272800B952EF = {
			isa = PBXGroup;
			children = (
				7DC11CE81FD3272800B952EF /* bePilates */,
				7DC11CE71FD3272800B952EF /* Products */,
				2C5242F5A4DBCADA4371F844 /* Pods */,
				945D8DD5DA419FA393D22415 /* Frameworks */,
			);
			sourceTree = "<group>";
		};
		7DC11CE71FD3272800B952EF /* Products */ = {
			isa = PBXGroup;
			children = (
				7DC11CE61FD3272800B952EF /* bePilates.app */,
			);
			name = Products;
			sourceTree = "<group>";
		};
		7DC11CE81FD3272800B952EF /* bePilates */ = {
			isa = PBXGroup;
			children = (
				7DC11D081FD3761F00B952EF /* View */,
				7DC11D051FD3720300B952EF /* Controller */,
				7D7106BD2008A2FA006BD31F /* PDFHelpers */,
				7DC11D001FD3379300B952EF /* Singleton */,
				7DC11CFB1FD3277400B952EF /* Model */,
				7DC11CE91FD3272800B952EF /* AppDelegate.swift */,
				7DC11CED1FD3272800B952EF /* Main.storyboard */,
				7DC11CF01FD3272800B952EF /* Assets.xcassets */,
				7DC11CF21FD3272800B952EF /* LaunchScreen.storyboard */,
				7DC11CF51FD3272800B952EF /* Info.plist */,
				7DD803901FE5CBC300D03304 /* GoogleService-Info.plist */,
			);
			path = bePilates;
			sourceTree = "<group>";
		};
		7DC11CFB1FD3277400B952EF /* Model */ = {
			isa = PBXGroup;
			children = (
				7DC11CFC1FD327BD00B952EF /* SessionLog.swift */,
				7DC11CFE1FD333F400B952EF /* Student.swift */,
				7DE9B9231FEC69A600E16232 /* Manager.swift */,
			);
			path = Model;
			sourceTree = "<group>";
		};
		7DC11D001FD3379300B952EF /* Singleton */ = {
			isa = PBXGroup;
			children = (
				7DC11D011FD33B9400B952EF /* InstrcutorRecords.swift */,
				7DECCFDA1FDE837200394345 /* StudentsManager.swift */,
				7DC11D031FD3647F00B952EF /* Simulation&Keys.swift */,
				7DD803921FE603B800D03304 /* DataService.swift */,
			);
			path = Singleton;
			sourceTree = "<group>";
		};
		7DC11D051FD3720300B952EF /* Controller */ = {
			isa = PBXGroup;
			children = (
				7DC11D061FD3722800B952EF /* RecordsViewController.swift */,
				7D6ED7F920742DF100562A1F /* AddNewLogViewController.swift */,
				7D6ED7FB2075A9C800562A1F /* EditLogViewController.swift */,
				7D5E529D1FD5237100B60C98 /* AddEditLogViewController.swift */,
				7DFF4AB81FD90D8600A707BE /* StudentsSelectionViewController.swift */,
				7DF4E9A91FDA648600F6C4E1 /* AddEditAStudentViewController.swift */,
				7D623CC920073919006ED913 /* PDFViewerViewController.swift */,
				7D52DB74207826B80037E086 /* InstructorHomeViewController.swift */,
			);
			path = Controller;
			sourceTree = "<group>";
		};
		7DC11D081FD3761F00B952EF /* View */ = {
			isa = PBXGroup;
			children = (
				7DC11D091FD3763F00B952EF /* LogCell.swift */,
			);
			path = View;
			sourceTree = "<group>";
		};
		945D8DD5DA419FA393D22415 /* Frameworks */ = {
			isa = PBXGroup;
			children = (
				0DC8E3DCE5014F9510642219 /* Pods_bePilates.framework */,
			);
			name = Frameworks;
			sourceTree = "<group>";
		};
/* End PBXGroup section */

/* Begin PBXNativeTarget section */
		7DC11CE51FD3272800B952EF /* bePilates */ = {
			isa = PBXNativeTarget;
			buildConfigurationList = 7DC11CF81FD3272800B952EF /* Build configuration list for PBXNativeTarget "bePilates" */;
			buildPhases = (
				316EB0B6ADC3831C3074809B /* [CP] Check Pods Manifest.lock */,
				7DC11CE21FD3272800B952EF /* Sources */,
				7DC11CE31FD3272800B952EF /* Frameworks */,
				7DC11CE41FD3272800B952EF /* Resources */,
				995616AC00B36238BD4E3A80 /* [CP] Embed Pods Frameworks */,
				CD80A194C13C3833C563F50F /* [CP] Copy Pods Resources */,
			);
			buildRules = (
			);
			dependencies = (
			);
			name = bePilates;
			productName = bePilates;
			productReference = 7DC11CE61FD3272800B952EF /* bePilates.app */;
			productType = "com.apple.product-type.application";
		};
/* End PBXNativeTarget section */

/* Begin PBXProject section */
		7DC11CDE1FD3272800B952EF /* Project object */ = {
			isa = PBXProject;
			attributes = {
				LastSwiftUpdateCheck = 0910;
				LastUpgradeCheck = 0910;
				ORGANIZATIONNAME = "Felipe Montoya";
				TargetAttributes = {
					7DC11CE51FD3272800B952EF = {
						CreatedOnToolsVersion = 9.1;
						ProvisioningStyle = Automatic;
					};
				};
			};
			buildConfigurationList = 7DC11CE11FD3272800B952EF /* Build configuration list for PBXProject "bePilates" */;
			compatibilityVersion = "Xcode 8.0";
			developmentRegion = en;
			hasScannedForEncodings = 0;
			knownRegions = (
				en,
				Base,
			);
			mainGroup = 7DC11CDD1FD3272800B952EF;
			productRefGroup = 7DC11CE71FD3272800B952EF /* Products */;
			projectDirPath = "";
			projectRoot = "";
			targets = (
				7DC11CE51FD3272800B952EF /* bePilates */,
			);
		};
/* End PBXProject section */

/* Begin PBXResourcesBuildPhase section */
		7DC11CE41FD3272800B952EF /* Resources */ = {
			isa = PBXResourcesBuildPhase;
			buildActionMask = 2147483647;
			files = (
				7DC11CF41FD3272800B952EF /* LaunchScreen.storyboard in Resources */,
				7DD803911FE5CBC300D03304 /* GoogleService-Info.plist in Resources */,
				7DC11CF11FD3272800B952EF /* Assets.xcassets in Resources */,
				7D00065C20059CD500795D4E /* descriptionTable.html in Resources */,
				7DC11CEF1FD3272800B952EF /* Main.storyboard in Resources */,
				7D00065D20059CD500795D4E /* aRow.html in Resources */,
				7D00065E20059CD500795D4E /* lastRow.html in Resources */,
				7D00065F20059CD500795D4E /* base.html in Resources */,
			);
			runOnlyForDeploymentPostprocessing = 0;
		};
/* End PBXResourcesBuildPhase section */

/* Begin PBXShellScriptBuildPhase section */
		316EB0B6ADC3831C3074809B /* [CP] Check Pods Manifest.lock */ = {
			isa = PBXShellScriptBuildPhase;
			buildActionMask = 2147483647;
			files = (
			);
			inputPaths = (
				"${PODS_PODFILE_DIR_PATH}/Podfile.lock",
				"${PODS_ROOT}/Manifest.lock",
			);
			name = "[CP] Check Pods Manifest.lock";
			outputPaths = (
				"$(DERIVED_FILE_DIR)/Pods-bePilates-checkManifestLockResult.txt",
			);
			runOnlyForDeploymentPostprocessing = 0;
			shellPath = /bin/sh;
			shellScript = "diff \"${PODS_PODFILE_DIR_PATH}/Podfile.lock\" \"${PODS_ROOT}/Manifest.lock\" > /dev/null\nif [ $? != 0 ] ; then\n    # print error to STDERR\n    echo \"error: The sandbox is not in sync with the Podfile.lock. Run 'pod install' or update your CocoaPods installation.\" >&2\n    exit 1\nfi\n# This output is used by Xcode 'outputs' to avoid re-running this script phase.\necho \"SUCCESS\" > \"${SCRIPT_OUTPUT_FILE_0}\"\n";
			showEnvVarsInLog = 0;
		};
		995616AC00B36238BD4E3A80 /* [CP] Embed Pods Frameworks */ = {
			isa = PBXShellScriptBuildPhase;
			buildActionMask = 2147483647;
			files = (
			);
			inputPaths = (
				"${SRCROOT}/Pods/Target Support Files/Pods-bePilates/Pods-bePilates-frameworks.sh",
				"${BUILT_PRODUCTS_DIR}/GoogleToolboxForMac/GoogleToolboxForMac.framework",
				"${BUILT_PRODUCTS_DIR}/leveldb-library/leveldb.framework",
				"${BUILT_PRODUCTS_DIR}/nanopb/nanopb.framework",
			);
			name = "[CP] Embed Pods Frameworks";
			outputPaths = (
				"${TARGET_BUILD_DIR}/${FRAMEWORKS_FOLDER_PATH}/GoogleToolboxForMac.framework",
				"${TARGET_BUILD_DIR}/${FRAMEWORKS_FOLDER_PATH}/leveldb.framework",
				"${TARGET_BUILD_DIR}/${FRAMEWORKS_FOLDER_PATH}/nanopb.framework",
			);
			runOnlyForDeploymentPostprocessing = 0;
			shellPath = /bin/sh;
			shellScript = "\"${SRCROOT}/Pods/Target Support Files/Pods-bePilates/Pods-bePilates-frameworks.sh\"\n";
			showEnvVarsInLog = 0;
		};
		CD80A194C13C3833C563F50F /* [CP] Copy Pods Resources */ = {
			isa = PBXShellScriptBuildPhase;
			buildActionMask = 2147483647;
			files = (
			);
			inputPaths = (
			);
			name = "[CP] Copy Pods Resources";
			outputPaths = (
			);
			runOnlyForDeploymentPostprocessing = 0;
			shellPath = /bin/sh;
			shellScript = "\"${SRCROOT}/Pods/Target Support Files/Pods-bePilates/Pods-bePilates-resources.sh\"\n";
			showEnvVarsInLog = 0;
		};
/* End PBXShellScriptBuildPhase section */

/* Begin PBXSourcesBuildPhase section */
		7DC11CE21FD3272800B952EF /* Sources */ = {
			isa = PBXSourcesBuildPhase;
			buildActionMask = 2147483647;
			files = (
				7DC11CEA1FD3272800B952EF /* AppDelegate.swift in Sources */,
				7D52DB75207826B80037E086 /* InstructorHomeViewController.swift in Sources */,
				7D0006632005D8BD00795D4E /* PageRenderer.swift in Sources */,
				7D5E529E1FD5237100B60C98 /* AddEditLogViewController.swift in Sources */,
				7D623CCA20073919006ED913 /* PDFViewerViewController.swift in Sources */,
				7DFF4AB91FD90D8600A707BE /* StudentsSelectionViewController.swift in Sources */,
				7DD803931FE603B800D03304 /* DataService.swift in Sources */,
				7DC11CFD1FD327BD00B952EF /* SessionLog.swift in Sources */,
				7DC11D041FD3647F00B952EF /* Simulation&Keys.swift in Sources */,
				7DC11D021FD33B9400B952EF /* InstrcutorRecords.swift in Sources */,
				7DE9B9241FEC69A600E16232 /* Manager.swift in Sources */,
				7DF4E9AA1FDA648600F6C4E1 /* AddEditAStudentViewController.swift in Sources */,
				7DECCFDB1FDE837200394345 /* StudentsManager.swift in Sources */,
				7D00065720059C4E00795D4E /* ReportMaker.swift in Sources */,
				7DC11D0A1FD3763F00B952EF /* LogCell.swift in Sources */,
				7DC11CFF1FD333F400B952EF /* Student.swift in Sources */,
				7D6ED7FC2075A9C800562A1F /* EditLogViewController.swift in Sources */,
				7D6ED7FA20742DF100562A1F /* AddNewLogViewController.swift in Sources */,
				7DC11D071FD3722800B952EF /* RecordsViewController.swift in Sources */,
			);
			runOnlyForDeploymentPostprocessing = 0;
		};
/* End PBXSourcesBuildPhase section */

/* Begin PBXVariantGroup section */
		7DC11CED1FD3272800B952EF /* Main.storyboard */ = {
			isa = PBXVariantGroup;
			children = (
				7DC11CEE1FD3272800B952EF /* Base */,
			);
			name = Main.storyboard;
			sourceTree = "<group>";
		};
		7DC11CF21FD3272800B952EF /* LaunchScreen.storyboard */ = {
			isa = PBXVariantGroup;
			children = (
				7DC11CF31FD3272800B952EF /* Base */,
			);
			name = LaunchScreen.storyboard;
			sourceTree = "<group>";
		};
/* End PBXVariantGroup section */

/* Begin XCBuildConfiguration section */
		7DC11CF61FD3272800B952EF /* Debug */ = {
			isa = XCBuildConfiguration;
			buildSettings = {
				ALWAYS_SEARCH_USER_PATHS = NO;
				CLANG_ANALYZER_NONNULL = YES;
				CLANG_ANALYZER_NUMBER_OBJECT_CONVERSION = YES_AGGRESSIVE;
				CLANG_CXX_LANGUAGE_STANDARD = "gnu++14";
				CLANG_CXX_LIBRARY = "libc++";
				CLANG_ENABLE_MODULES = YES;
				CLANG_ENABLE_OBJC_ARC = YES;
				CLANG_WARN_BLOCK_CAPTURE_AUTORELEASING = YES;
				CLANG_WARN_BOOL_CONVERSION = YES;
				CLANG_WARN_COMMA = YES;
				CLANG_WARN_CONSTANT_CONVERSION = YES;
				CLANG_WARN_DIRECT_OBJC_ISA_USAGE = YES_ERROR;
				CLANG_WARN_DOCUMENTATION_COMMENTS = YES;
				CLANG_WARN_EMPTY_BODY = YES;
				CLANG_WARN_ENUM_CONVERSION = YES;
				CLANG_WARN_INFINITE_RECURSION = YES;
				CLANG_WARN_INT_CONVERSION = YES;
				CLANG_WARN_NON_LITERAL_NULL_CONVERSION = YES;
				CLANG_WARN_OBJC_LITERAL_CONVERSION = YES;
				CLANG_WARN_OBJC_ROOT_CLASS = YES_ERROR;
				CLANG_WARN_RANGE_LOOP_ANALYSIS = YES;
				CLANG_WARN_STRICT_PROTOTYPES = YES;
				CLANG_WARN_SUSPICIOUS_MOVE = YES;
				CLANG_WARN_UNGUARDED_AVAILABILITY = YES_AGGRESSIVE;
				CLANG_WARN_UNREACHABLE_CODE = YES;
				CLANG_WARN__DUPLICATE_METHOD_MATCH = YES;
				CODE_SIGN_IDENTITY = "iPhone Developer";
				COPY_PHASE_STRIP = NO;
				DEBUG_INFORMATION_FORMAT = dwarf;
				ENABLE_STRICT_OBJC_MSGSEND = YES;
				ENABLE_TESTABILITY = YES;
				GCC_C_LANGUAGE_STANDARD = gnu11;
				GCC_DYNAMIC_NO_PIC = NO;
				GCC_NO_COMMON_BLOCKS = YES;
				GCC_OPTIMIZATION_LEVEL = 0;
				GCC_PREPROCESSOR_DEFINITIONS = (
					"DEBUG=1",
					"$(inherited)",
				);
				GCC_WARN_64_TO_32_BIT_CONVERSION = YES;
				GCC_WARN_ABOUT_RETURN_TYPE = YES_ERROR;
				GCC_WARN_UNDECLARED_SELECTOR = YES;
				GCC_WARN_UNINITIALIZED_AUTOS = YES_AGGRESSIVE;
				GCC_WARN_UNUSED_FUNCTION = YES;
				GCC_WARN_UNUSED_VARIABLE = YES;
				IPHONEOS_DEPLOYMENT_TARGET = 11.1;
				MTL_ENABLE_DEBUG_INFO = YES;
				ONLY_ACTIVE_ARCH = YES;
				SDKROOT = iphoneos;
				SWIFT_ACTIVE_COMPILATION_CONDITIONS = DEBUG;
				SWIFT_OPTIMIZATION_LEVEL = "-Onone";
			};
			name = Debug;
		};
		7DC11CF71FD3272800B952EF /* Release */ = {
			isa = XCBuildConfiguration;
			buildSettings = {
				ALWAYS_SEARCH_USER_PATHS = NO;
				CLANG_ANALYZER_NONNULL = YES;
				CLANG_ANALYZER_NUMBER_OBJECT_CONVERSION = YES_AGGRESSIVE;
				CLANG_CXX_LANGUAGE_STANDARD = "gnu++14";
				CLANG_CXX_LIBRARY = "libc++";
				CLANG_ENABLE_MODULES = YES;
				CLANG_ENABLE_OBJC_ARC = YES;
				CLANG_WARN_BLOCK_CAPTURE_AUTORELEASING = YES;
				CLANG_WARN_BOOL_CONVERSION = YES;
				CLANG_WARN_COMMA = YES;
				CLANG_WARN_CONSTANT_CONVERSION = YES;
				CLANG_WARN_DIRECT_OBJC_ISA_USAGE = YES_ERROR;
				CLANG_WARN_DOCUMENTATION_COMMENTS = YES;
				CLANG_WARN_EMPTY_BODY = YES;
				CLANG_WARN_ENUM_CONVERSION = YES;
				CLANG_WARN_INFINITE_RECURSION = YES;
				CLANG_WARN_INT_CONVERSION = YES;
				CLANG_WARN_NON_LITERAL_NULL_CONVERSION = YES;
				CLANG_WARN_OBJC_LITERAL_CONVERSION = YES;
				CLANG_WARN_OBJC_ROOT_CLASS = YES_ERROR;
				CLANG_WARN_RANGE_LOOP_ANALYSIS = YES;
				CLANG_WARN_STRICT_PROTOTYPES = YES;
				CLANG_WARN_SUSPICIOUS_MOVE = YES;
				CLANG_WARN_UNGUARDED_AVAILABILITY = YES_AGGRESSIVE;
				CLANG_WARN_UNREACHABLE_CODE = YES;
				CLANG_WARN__DUPLICATE_METHOD_MATCH = YES;
				CODE_SIGN_IDENTITY = "iPhone Developer";
				COPY_PHASE_STRIP = NO;
				DEBUG_INFORMATION_FORMAT = "dwarf-with-dsym";
				ENABLE_NS_ASSERTIONS = NO;
				ENABLE_STRICT_OBJC_MSGSEND = YES;
				GCC_C_LANGUAGE_STANDARD = gnu11;
				GCC_NO_COMMON_BLOCKS = YES;
				GCC_WARN_64_TO_32_BIT_CONVERSION = YES;
				GCC_WARN_ABOUT_RETURN_TYPE = YES_ERROR;
				GCC_WARN_UNDECLARED_SELECTOR = YES;
				GCC_WARN_UNINITIALIZED_AUTOS = YES_AGGRESSIVE;
				GCC_WARN_UNUSED_FUNCTION = YES;
				GCC_WARN_UNUSED_VARIABLE = YES;
				IPHONEOS_DEPLOYMENT_TARGET = 11.1;
				MTL_ENABLE_DEBUG_INFO = NO;
				SDKROOT = iphoneos;
				SWIFT_OPTIMIZATION_LEVEL = "-Owholemodule";
				VALIDATE_PRODUCT = YES;
			};
			name = Release;
		};
		7DC11CF91FD3272800B952EF /* Debug */ = {
			isa = XCBuildConfiguration;
			baseConfigurationReference = 70222AA75925D60507B82159 /* Pods-bePilates.debug.xcconfig */;
			buildSettings = {
				ASSETCATALOG_COMPILER_APPICON_NAME = AppIcon;
				CODE_SIGN_STYLE = Automatic;
				DEVELOPMENT_TEAM = 9J543JJM4P;
				INFOPLIST_FILE = bePilates/Info.plist;
				LD_RUNPATH_SEARCH_PATHS = "$(inherited) @executable_path/Frameworks";
				PRODUCT_BUNDLE_IDENTIFIER = com.fmbosox.bePilates;
				PRODUCT_NAME = "$(TARGET_NAME)";
				SWIFT_VERSION = 4.0;
				TARGETED_DEVICE_FAMILY = "1,2";
			};
			name = Debug;
		};
		7DC11CFA1FD3272800B952EF /* Release */ = {
			isa = XCBuildConfiguration;
			baseConfigurationReference = B8BD18B8E3A63F14970790CF /* Pods-bePilates.release.xcconfig */;
			buildSettings = {
				ASSETCATALOG_COMPILER_APPICON_NAME = AppIcon;
				CODE_SIGN_STYLE = Automatic;
				DEVELOPMENT_TEAM = 9J543JJM4P;
				INFOPLIST_FILE = bePilates/Info.plist;
				LD_RUNPATH_SEARCH_PATHS = "$(inherited) @executable_path/Frameworks";
				PRODUCT_BUNDLE_IDENTIFIER = com.fmbosox.bePilates;
				PRODUCT_NAME = "$(TARGET_NAME)";
				SWIFT_VERSION = 4.0;
				TARGETED_DEVICE_FAMILY = "1,2";
			};
			name = Release;
		};
/* End XCBuildConfiguration section */

/* Begin XCConfigurationList section */
		7DC11CE11FD3272800B952EF /* Build configuration list for PBXProject "bePilates" */ = {
			isa = XCConfigurationList;
			buildConfigurations = (
				7DC11CF61FD3272800B952EF /* Debug */,
				7DC11CF71FD3272800B952EF /* Release */,
			);
			defaultConfigurationIsVisible = 0;
			defaultConfigurationName = Release;
		};
		7DC11CF81FD3272800B952EF /* Build configuration list for PBXNativeTarget "bePilates" */ = {
			isa = XCConfigurationList;
			buildConfigurations = (
				7DC11CF91FD3272800B952EF /* Debug */,
				7DC11CFA1FD3272800B952EF /* Release */,
			);
			defaultConfigurationIsVisible = 0;
			defaultConfigurationName = Release;
		};
/* End XCConfigurationList section */
	};
	rootObject = 7DC11CDE1FD3272800B952EF /* Project object */;
}
